
Microsoft Visual Studio Solution File, Format Version 12.00
# Visual Studio Version 17
VisualStudioVersion = 17.4.33213.308
MinimumVisualStudioVersion = 10.0.40219.1
Project("{FAE04EC0-301F-11D3-BF4B-00C04F79EFBC}") = "ListBoxSample", "ListBoxSample.csproj", "{34430896-5C36-4820-A35E-D3F1E84DAE07}"
EndProject
Global
	GlobalSection(SolutionConfigurationPlatforms) = preSolution
		Debug|Any CPU = Debug|Any CPU
		Release|Any CPU = Release|Any CPU
	EndGlobalSection
	GlobalSection(ProjectConfigurationPlatforms) = postSolution
		{34430896-5C36-4820-A35E-D3F1E84DAE07}.Debug|Any CPU.ActiveCfg = Debug|Any CPU
		{34430896-5C36-4820-A35E-D3F1E84DAE07}.Debug|Any CPU.Build.0 = Debug|Any CPU
		{34430896-5C36-4820-A35E-D3F1E84DAE07}.Release|Any CPU.ActiveCfg = Release|Any CPU
		{34430896-5C36-4820-A35E-D3F1E84DAE07}.Release|Any CPU.Build.0 = Release|Any CPU
	EndGlobalSection
	GlobalSection(SolutionProperties) = preSolution
		HideSolutionNode = FALSE
	EndGlobalSection
	GlobalSection(ExtensibilityGlobals) = postSolution
		SolutionGuid = {50D513D2-DC31-4A35-BDC8-306E6F52A2B8}
	EndGlobalSection
EndGlobal
